
Microsoft Visual Studio Solution File, Format Version 12.00
# Visual Studio Version 17
VisualStudioVersion = 17.4.33205.214
MinimumVisualStudioVersion = 10.0.40219.1
Project("{FAE04EC0-301F-11D3-BF4B-00C04F79EFBC}") = "KB10239_ColoringUltraTab_WinFormsApp1", "KB10239_ColoringUltraTab_WinFormsApp1\KB10239_ColoringUltraTab_WinFormsApp1.csproj", "{DE716030-D81E-4893-926E-97141D23CF89}"
EndProject
Global
	GlobalSection(SolutionConfigurationPlatforms) = preSolution
		Debug|Any CPU = Debug|Any CPU
		Release|Any CPU = Release|Any CPU
	EndGlobalSection
	GlobalSection(ProjectConfigurationPlatforms) = postSolution
		{DE716030-D81E-4893-926E-97141D23CF89}.Debug|Any CPU.ActiveCfg = Debug|Any CPU
		{DE716030-D81E-4893-926E-97141D23CF89}.Debug|Any CPU.Build.0 = Debug|Any CPU
		{DE716030-D81E-4893-926E-97141D23CF89}.Release|Any CPU.ActiveCfg = Release|Any CPU
		{DE716030-D81E-4893-926E-97141D23CF89}.Release|Any CPU.Build.0 = Release|Any CPU
	EndGlobalSection
	GlobalSection(SolutionProperties) = preSolution
		HideSolutionNode = FALSE
	EndGlobalSection
	GlobalSection(ExtensibilityGlobals) = postSolution
		SolutionGuid = {8A0B4CF7-3E9E-440B-9783-B619BAF66E37}
	EndGlobalSection
EndGlobal
